Microsoft Visual Studio Solution File, Format Version 12.00
# Visual Studio Version 17
VisualStudioVersion = 17.5.2.0
MinimumVisualStudioVersion = 10.0.40219.1
Project("{FAE04EC0-301F-11D3-BF4B-00C04F79EFBC}") = "AQtionDemoLauncher", "AQtionDemoLauncher.csproj", "{73C96111-0BB5-9ECF-B04F-0E89442ACCE7}"
EndProject
Global
	GlobalSection(SolutionConfigurationPlatforms) = preSolution
		Debug|Any CPU = Debug|Any CPU
		Release|Any CPU = Release|Any CPU
	EndGlobalSection
	GlobalSection(ProjectConfigurationPlatforms) = postSolution
		{73C96111-0BB5-9ECF-B04F-0E89442ACCE7}.Debug|Any CPU.ActiveCfg = Debug|Any CPU
		{73C96111-0BB5-9ECF-B04F-0E89442ACCE7}.Debug|Any CPU.Build.0 = Debug|Any CPU
		{73C96111-0BB5-9ECF-B04F-0E89442ACCE7}.Release|Any CPU.ActiveCfg = Release|Any CPU
		{73C96111-0BB5-9ECF-B04F-0E89442ACCE7}.Release|Any CPU.Build.0 = Release|Any CPU
	EndGlobalSection
	GlobalSection(SolutionProperties) = preSolution
		HideSolutionNode = FALSE
	EndGlobalSection
	GlobalSection(ExtensibilityGlobals) = postSolution
		SolutionGuid = {080C0963-7963-413E-81B7-FBB865BCF286}
	EndGlobalSection
EndGlobal
